{
  "version": 4,
  "terraform_version": "1.13.0",
  "serial": 137,
  "lineage": "608c0966-0daa-0a22-fea1-f106381fe8e2",
  "outputs": {
    "backend_url": {
      "value": "https://store-backend-xb2scb3x6q-uc.a.run.app",
      "type": "string"
    },
    "db_private_ip": {
      "value": "10.130.0.3",
      "type": "string"
    },
    "frontend_url": {
      "value": "https://store-frontend-xb2scb3x6q-uc.a.run.app",
      "type": "string"
    },
    "vpc_name": {
      "value": "store-vpc",
      "type": "string"
    }
  },
  "resources": [
    {
      "module": "module.backend",
      "mode": "managed",
      "type": "google_artifact_registry_repository",
      "name": "backend_repo",
      "provider": "provider[\"registry.terraform.io/hashicorp/google\"]",
      "instances": [
        {
          "schema_version": 0,
          "attributes": {
            "create_time": "2025-10-24T21:37:37.445482Z",
            "description": "",
            "docker_config": [],
            "format": "DOCKER",
            "id": "projects/konecta-task-467513/locations/us-central1/repositories/backend-repo",
            "kms_key_name": "",
            "labels": null,
            "location": "us-central1",
            "maven_config": [],
            "mode": "STANDARD_REPOSITORY",
            "name": "backend-repo",
            "project": "konecta-task-467513",
            "remote_repository_config": [],
            "repository_id": "backend-repo",
            "timeouts": null,
            "update_time": "2025-10-24T21:37:37.445482Z",
            "virtual_repository_config": []
          },
          "sensitive_attributes": [],
          "identity_schema_version": 0,
          "private": "eyJlMmJmYjczMC1lY2FhLTExZTYtOGY4OC0zNDM2M2JjN2M0YzAiOnsiY3JlYXRlIjoxMjAwMDAwMDAwMDAwLCJkZWxldGUiOjEyMDAwMDAwMDAwMDAsInVwZGF0ZSI6MTIwMDAwMDAwMDAwMH19"
        }
      ]
    },
    {
      "module": "module.backend",
      "mode": "managed",
      "type": "google_cloud_run_service",
      "name": "backend_service",
      "provider": "provider[\"registry.terraform.io/hashicorp/google\"]",
      "instances": [
        {
          "schema_version": 1,
          "attributes": {
            "autogenerate_revision_name": false,
            "id": "locations/us-central1/namespaces/konecta-task-467513/services/store-backend",
            "location": "us-central1",
            "metadata": [
              {
                "annotations": {
                  "run.googleapis.com/ingress": "all",
                  "run.googleapis.com/ingress-status": "all",
                  "run.googleapis.com/operation-id": "435c0a96-17d3-44c2-86e4-323e09650fc0",
                  "run.googleapis.com/urls": "[\"https://store-backend-423515926568.us-central1.run.app\",\"https://store-backend-xb2scb3x6q-uc.a.run.app\"]",
                  "serving.knative.dev/creator": "aboalnaderahmed@gmail.com",
                  "serving.knative.dev/lastModifier": "aboalnaderahmed@gmail.com"
                },
                "generation": 1,
                "labels": {
                  "cloud.googleapis.com/location": "us-central1"
                },
                "namespace": "konecta-task-467513",
                "resource_version": "AAZB7oMNr5E",
                "self_link": "/apis/serving.knative.dev/v1/namespaces/423515926568/services/store-backend",
                "uid": "9d7cd02b-72b6-4f0f-8412-59a889b5b0c0"
              }
            ],
            "name": "store-backend",
            "project": "konecta-task-467513",
            "status": [
              {
                "conditions": [
                  {
                    "message": "",
                    "reason": "",
                    "status": "True",
                    "type": "Ready"
                  },
                  {
                    "message": "",
                    "reason": "",
                    "status": "True",
                    "type": "ConfigurationsReady"
                  },
                  {
                    "message": "",
                    "reason": "",
                    "status": "True",
                    "type": "RoutesReady"
                  }
                ],
                "latest_created_revision_name": "store-backend-00001-z4k",
                "latest_ready_revision_name": "store-backend-00001-z4k",
                "observed_generation": 1,
                "traffic": [
                  {
                    "latest_revision": true,
                    "percent": 100,
                    "revision_name": "store-backend-00001-z4k",
                    "tag": "",
                    "url": ""
                  }
                ],
                "url": "https://store-backend-xb2scb3x6q-uc.a.run.app"
              }
            ],
            "template": [
              {
                "metadata": [
                  {
                    "annotations": {
                      "autoscaling.knative.dev/maxScale": "3"
                    },
                    "generation": 0,
                    "labels": {
                      "run.googleapis.com/startupProbeType": "Default"
                    },
                    "name": "",
                    "namespace": "",
                    "resource_version": "",
                    "self_link": "",
                    "uid": ""
                  }
                ],
                "spec": [
                  {
                    "container_concurrency": 80,
                    "containers": [
                      {
                        "args": null,
                        "command": null,
                        "env": [
                          {
                            "name": "DB_HOST",
                            "value": "10.130.0.3",
                            "value_from": []
                          },
                          {
                            "name": "DB_NAME",
                            "value": "app_db",
                            "value_from": []
                          },
                          {
                            "name": "DB_PASS",
                            "value": "ChangeMe123",
                            "value_from": []
                          },
                          {
                            "name": "DB_USER",
                            "value": "app_user",
                            "value_from": []
                          }
                        ],
                        "env_from": [],
                        "image": "ahmedmostafa22/shop-backend:latest",
                        "liveness_probe": [],
                        "name": "",
                        "ports": [
                          {
                            "container_port": 5000,
                            "name": "http1",
                            "protocol": ""
                          }
                        ],
                        "resources": [
                          {
                            "limits": {
                              "cpu": "1000m",
                              "memory": "512Mi"
                            },
                            "requests": {}
                          }
                        ],
                        "startup_probe": [
                          {
                            "failure_threshold": 1,
                            "grpc": [],
                            "http_get": [],
                            "initial_delay_seconds": 0,
                            "period_seconds": 240,
                            "tcp_socket": [
                              {
                                "port": 5000
                              }
                            ],
                            "timeout_seconds": 240
                          }
                        ],
                        "volume_mounts": [],
                        "working_dir": ""
                      }
                    ],
                    "service_account_name": "423515926568-compute@developer.gserviceaccount.com",
                    "serving_state": "",
                    "timeout_seconds": 500,
                    "volumes": []
                  }
                ]
              }
            ],
            "timeouts": null,
            "traffic": [
              {
                "latest_revision": true,
                "percent": 100,
                "revision_name": "",
                "tag": "",
                "url": ""
              }
            ]
          },
          "sensitive_attributes": [
            [
              {
                "type": "get_attr",
                "value": "template"
              },
              {
                "type": "index",
                "value": {
                  "value": 0,
                  "type": "number"
                }
              },
              {
                "type": "get_attr",
                "value": "spec"
              },
              {
                "type": "index",
                "value": {
                  "value": 0,
                  "type": "number"
                }
              },
              {
                "type": "get_attr",
                "value": "containers"
              },
              {
                "type": "index",
                "value": {
                  "value": 0,
                  "type": "number"
                }
              },
              {
                "type": "get_attr",
                "value": "env"
              }
            ]
          ],
          "identity_schema_version": 0,
          "private": "eyJlMmJmYjczMC1lY2FhLTExZTYtOGY4OC0zNDM2M2JjN2M0YzAiOnsiY3JlYXRlIjoxMjAwMDAwMDAwMDAwLCJkZWxldGUiOjEyMDAwMDAwMDAwMDAsInVwZGF0ZSI6MTIwMDAwMDAwMDAwMH0sInNjaGVtYV92ZXJzaW9uIjoiMSJ9",
          "dependencies": [
            "module.cloudsql.google_compute_global_address.private_ip_range",
            "module.cloudsql.google_service_networking_connection.private_vpc_connection",
            "module.cloudsql.google_sql_database_instance.db_instance",
            "module.vpc.google_compute_network.main_vpc"
          ]
        }
      ]
    },
    {
      "module": "module.backend",
      "mode": "managed",
      "type": "google_cloud_run_service_iam_member",
      "name": "public_access",
      "provider": "provider[\"registry.terraform.io/hashicorp/google\"]",
      "instances": [
        {
          "schema_version": 0,
          "attributes": {
            "condition": [],
            "etag": "BwZB7oNkMw0=",
            "id": "v1/projects/konecta-task-467513/locations/us-central1/services/store-backend/roles/run.invoker/allUsers",
            "location": "us-central1",
            "member": "allUsers",
            "project": "konecta-task-467513",
            "role": "roles/run.invoker",
            "service": "v1/projects/konecta-task-467513/locations/us-central1/services/store-backend"
          },
          "sensitive_attributes": [],
          "identity_schema_version": 0,
          "private": "bnVsbA==",
          "dependencies": [
            "module.backend.google_cloud_run_service.backend_service",
            "module.cloudsql.google_compute_global_address.private_ip_range",
            "module.cloudsql.google_service_networking_connection.private_vpc_connection",
            "module.cloudsql.google_sql_database_instance.db_instance",
            "module.vpc.google_compute_network.main_vpc"
          ]
        }
      ]
    },
    {
      "module": "module.backend",
      "mode": "managed",
      "type": "google_compute_region_network_endpoint_group",
      "name": "cloudrun_neg",
      "provider": "provider[\"registry.terraform.io/hashicorp/google\"]",
      "instances": [
        {
          "schema_version": 0,
          "attributes": {
            "app_engine": [],
            "cloud_function": [],
            "cloud_run": [
              {
                "service": "store-backend",
                "tag": "",
                "url_mask": ""
              }
            ],
            "description": "",
            "id": "projects/konecta-task-467513/regions/us-central1/networkEndpointGroups/store-backend-neg",
            "name": "store-backend-neg",
            "network": "",
            "network_endpoint_type": "SERVERLESS",
            "project": "konecta-task-467513",
            "psc_target_service": "",
            "region": "https://www.googleapis.com/compute/v1/projects/konecta-task-467513/regions/us-central1",
            "self_link": "https://www.googleapis.com/compute/v1/projects/konecta-task-467513/regions/us-central1/networkEndpointGroups/store-backend-neg",
            "subnetwork": "",
            "timeouts": null
          },
          "sensitive_attributes": [],
          "identity_schema_version": 0,
          "private": "eyJlMmJmYjczMC1lY2FhLTExZTYtOGY4OC0zNDM2M2JjN2M0YzAiOnsiY3JlYXRlIjoxMjAwMDAwMDAwMDAwLCJkZWxldGUiOjEyMDAwMDAwMDAwMDB9fQ==",
          "dependencies": [
            "module.backend.google_cloud_run_service.backend_service",
            "module.cloudsql.google_compute_global_address.private_ip_range",
            "module.cloudsql.google_service_networking_connection.private_vpc_connection",
            "module.cloudsql.google_sql_database_instance.db_instance",
            "module.vpc.google_compute_network.main_vpc"
          ]
        }
      ]
    },
    {
      "module": "module.cloudsql",
      "mode": "managed",
      "type": "google_compute_global_address",
      "name": "private_ip_range",
      "provider": "provider[\"registry.terraform.io/hashicorp/google\"]",
      "instances": [
        {
          "schema_version": 0,
          "attributes": {
            "address": "10.130.0.0",
            "address_type": "INTERNAL",
            "creation_timestamp": "2025-10-24T14:37:58.568-07:00",
            "description": "",
            "id": "projects/konecta-task-467513/global/addresses/private-ip-range",
            "ip_version": "",
            "name": "private-ip-range",
            "network": "https://www.googleapis.com/compute/v1/projects/konecta-task-467513/global/networks/store-vpc",
            "prefix_length": 16,
            "project": "konecta-task-467513",
            "purpose": "VPC_PEERING",
            "self_link": "https://www.googleapis.com/compute/v1/projects/konecta-task-467513/global/addresses/private-ip-range",
            "timeouts": null
          },
          "sensitive_attributes": [],
          "identity_schema_version": 0,
          "private": "eyJlMmJmYjczMC1lY2FhLTExZTYtOGY4OC0zNDM2M2JjN2M0YzAiOnsiY3JlYXRlIjoxMjAwMDAwMDAwMDAwLCJkZWxldGUiOjEyMDAwMDAwMDAwMDB9fQ==",
          "dependencies": [
            "module.vpc.google_compute_network.main_vpc"
          ]
        }
      ]
    },
    {
      "module": "module.cloudsql",
      "mode": "managed",
      "type": "google_service_networking_connection",
      "name": "private_vpc_connection",
      "provider": "provider[\"registry.terraform.io/hashicorp/google\"]",
      "instances": [
        {
          "schema_version": 0,
          "attributes": {
            "id": "projects%2Fkonecta-task-467513%2Fglobal%2Fnetworks%2Fstore-vpc:servicenetworking.googleapis.com",
            "network": "projects/konecta-task-467513/global/networks/store-vpc",
            "peering": "servicenetworking-googleapis-com",
            "reserved_peering_ranges": [
              "private-ip-range"
            ],
            "service": "servicenetworking.googleapis.com",
            "timeouts": null
          },
          "sensitive_attributes": [],
          "identity_schema_version": 0,
          "private": "eyJlMmJmYjczMC1lY2FhLTExZTYtOGY4OC0zNDM2M2JjN2M0YzAiOnsiY3JlYXRlIjo2MDAwMDAwMDAwMDAsImRlbGV0ZSI6NjAwMDAwMDAwMDAwLCJ1cGRhdGUiOjYwMDAwMDAwMDAwMH19",
          "dependencies": [
            "module.cloudsql.google_compute_global_address.private_ip_range",
            "module.vpc.google_compute_network.main_vpc"
          ]
        }
      ]
    },
    {
      "module": "module.cloudsql",
      "mode": "managed",
      "type": "google_sql_database",
      "name": "app_database",
      "provider": "provider[\"registry.terraform.io/hashicorp/google\"]",
      "instances": [
        {
          "schema_version": 0,
          "attributes": {
            "charset": "utf8mb4",
            "collation": "utf8mb4_0900_ai_ci",
            "deletion_policy": "DELETE",
            "id": "projects/konecta-task-467513/instances/store-sql-instance/databases/app_db",
            "instance": "store-sql-instance",
            "name": "app_db",
            "project": "konecta-task-467513",
            "self_link": "https://sqladmin.googleapis.com/sql/v1beta4/projects/konecta-task-467513/instances/store-sql-instance/databases/app_db",
            "timeouts": null
          },
          "sensitive_attributes": [],
          "identity_schema_version": 0,
          "private": "eyJlMmJmYjczMC1lY2FhLTExZTYtOGY4OC0zNDM2M2JjN2M0YzAiOnsiY3JlYXRlIjoxMjAwMDAwMDAwMDAwLCJkZWxldGUiOjEyMDAwMDAwMDAwMDAsInVwZGF0ZSI6MTIwMDAwMDAwMDAwMH19",
          "dependencies": [
            "module.cloudsql.google_compute_global_address.private_ip_range",
            "module.cloudsql.google_service_networking_connection.private_vpc_connection",
            "module.cloudsql.google_sql_database_instance.db_instance",
            "module.vpc.google_compute_network.main_vpc"
          ]
        }
      ]
    },
    {
      "module": "module.cloudsql",
      "mode": "managed",
      "type": "google_sql_database_instance",
      "name": "db_instance",
      "provider": "provider[\"registry.terraform.io/hashicorp/google\"]",
      "instances": [
        {
          "schema_version": 0,
          "attributes": {
            "available_maintenance_versions": [],
            "clone": [],
            "connection_name": "konecta-task-467513:us-central1:store-sql-instance",
            "database_version": "MYSQL_8_0",
            "deletion_protection": false,
            "dns_name": "",
            "encryption_key_name": null,
            "first_ip_address": "10.130.0.3",
            "id": "store-sql-instance",
            "instance_type": "CLOUD_SQL_INSTANCE",
            "ip_address": [
              {
                "ip_address": "10.130.0.3",
                "time_to_retire": "",
                "type": "PRIVATE"
              }
            ],
            "maintenance_version": "MYSQL_8_0_41.R20250531.01_23",
            "master_instance_name": "",
            "name": "store-sql-instance",
            "private_ip_address": "10.130.0.3",
            "project": "konecta-task-467513",
            "psc_service_attachment_link": "",
            "public_ip_address": "",
            "region": "us-central1",
            "replica_configuration": [],
            "restore_backup_context": [],
            "root_password": null,
            "self_link": "https://sqladmin.googleapis.com/sql/v1beta4/projects/konecta-task-467513/instances/store-sql-instance",
            "server_ca_cert": [
              {
                "cert": "-----BEGIN CERTIFICATE-----\nMIIDfzCCAmegAwIBAgIBADANBgkqhkiG9w0BAQsFADB3MS0wKwYDVQQuEyQ5ODNj\nMmM0Ny1jMDJkLTQwYTMtYTk4ZS0wNDM1ODU5YWZjMmYxIzAhBgNVBAMTGkdvb2ds\nZSBDbG91ZCBTUUwgU2VydmVyIENBMRQwEgYDVQQKEwtHb29nbGUsIEluYzELMAkG\nA1UEBhMCVVMwHhcNMjUxMDI0MjE0MDQ1WhcNMzUxMDIyMjE0MTQ1WjB3MS0wKwYD\nVQQuEyQ5ODNjMmM0Ny1jMDJkLTQwYTMtYTk4ZS0wNDM1ODU5YWZjMmYxIzAhBgNV\nBAMTGkdvb2dsZSBDbG91ZCBTUUwgU2VydmVyIENBMRQwEgYDVQQKEwtHb29nbGUs\nIEluYzELMAkGA1UEBhMCVVMwggEiMA0GCSqGSIb3DQEBAQUAA4IBDwAwggEKAoIB\nAQDNDNsFSf8FSPj6t0XKiJfoix2AAfc7ILh2r5mBkAtTPsmr6URgE9tJjFC45jKz\neRz/uAFA9RmviOGsa4/k27Anb4j2N9BTGI50Nrfaeed87DMfB8n27sJfTTLvlHIy\nzemFgt7O4EIk0FrIaDD0cn2OIguOncMX0cX0MvOa8hjIrjSRnXnLXwgEaU+k5TgG\ns22WopOujCL0/zCV6qQlF5Xd1pWitV7LeBVYrnpG+v/b9mEhnXZCcFpZBmEmDhNA\no2ULG63WlxBMWolgLJHu8dQe18uSYMtS2fbi/LD7bwGJoczyfboouOPN+320GjQp\nWvLkqMmb96aSvETYB6p+aJmbAgMBAAGjFjAUMBIGA1UdEwEB/wQIMAYBAf8CAQAw\nDQYJKoZIhvcNAQELBQADggEBAEVt8orGT54Mc9pQBYDI1Em59PSUl60lvauItOKO\nqO/VGtCpdnZpgD3I5UospWQXjjkymXrQXxZtqOPus16MdueBI+ZdFlLQkdDHDyTI\nyRis5cpkqcir8tFKRiLdBYBYJEmS4LmmvC4sI/1TzLRjiWfanqQxJ6noJVmEpU3x\nhY5JQyAtOyquBRlH3y/VkM4LhC3ULkIlV17BFEpzBuCIimGkLJMJIdP1vzhb2f6H\nYFRQgryqcrn1ElQl6LiED4nIHpMeyZcT/U0dDvtdtlAL2NXPcUb/fclky6dudYFe\nM7ZbL22Ax96I63WTyvxiH9y0udpiuaG8hpmqKuCXXCwR3rs=\n-----END CERTIFICATE-----",
                "common_name": "C=US,O=Google\\, Inc,CN=Google Cloud SQL Server CA,dnQualifier=983c2c47-c02d-40a3-a98e-0435859afc2f",
                "create_time": "2025-10-24T21:40:45.505Z",
                "expiration_time": "2035-10-22T21:41:45.505Z",
                "sha1_fingerprint": "c7071e88eb031ec155b2df174ad48ff46ccfe8ce"
              }
            ],
            "service_account_email_address": "p423515926568-j6zabu@gcp-sa-cloud-sql.iam.gserviceaccount.com",
            "settings": [
              {
                "activation_policy": "ALWAYS",
                "active_directory_config": [],
                "advanced_machine_features": [],
                "availability_type": "ZONAL",
                "backup_configuration": [
                  {
                    "backup_retention_settings": [
                      {
                        "retained_backups": 7,
                        "retention_unit": "COUNT"
                      }
                    ],
                    "binary_log_enabled": false,
                    "enabled": false,
                    "location": "",
                    "point_in_time_recovery_enabled": false,
                    "start_time": "00:00",
                    "transaction_log_retention_days": 7
                  }
                ],
                "collation": "",
                "connector_enforcement": "NOT_REQUIRED",
                "data_cache_config": [],
                "database_flags": [],
                "deletion_protection_enabled": false,
                "deny_maintenance_period": [],
                "disk_autoresize": true,
                "disk_autoresize_limit": 0,
                "disk_size": 10,
                "disk_type": "PD_SSD",
                "edition": "",
                "insights_config": [],
                "ip_configuration": [
                  {
                    "allocated_ip_range": "",
                    "authorized_networks": [],
                    "enable_private_path_for_google_cloud_services": false,
                    "ipv4_enabled": false,
                    "private_network": "projects/konecta-task-467513/global/networks/store-vpc",
                    "psc_config": [],
                    "require_ssl": false
                  }
                ],
                "location_preference": [
                  {
                    "follow_gae_application": "",
                    "secondary_zone": "",
                    "zone": "us-central1-a"
                  }
                ],
                "maintenance_window": [],
                "password_validation_policy": [],
                "pricing_plan": "PER_USE",
                "sql_server_audit_config": [],
                "tier": "db-f1-micro",
                "time_zone": "",
                "user_labels": {},
                "version": 1
              }
            ],
            "timeouts": null
          },
          "sensitive_attributes": [
            [
              {
                "type": "get_attr",
                "value": "root_password"
              }
            ]
          ],
          "identity_schema_version": 0,
          "private": "eyJlMmJmYjczMC1lY2FhLTExZTYtOGY4OC0zNDM2M2JjN2M0YzAiOnsiY3JlYXRlIjoyNDAwMDAwMDAwMDAwLCJkZWxldGUiOjE4MDAwMDAwMDAwMDAsInVwZGF0ZSI6MTgwMDAwMDAwMDAwMH19",
          "dependencies": [
            "module.cloudsql.google_compute_global_address.private_ip_range",
            "module.cloudsql.google_service_networking_connection.private_vpc_connection",
            "module.vpc.google_compute_network.main_vpc"
          ]
        }
      ]
    },
    {
      "module": "module.cloudsql",
      "mode": "managed",
      "type": "google_sql_user",
      "name": "app_user",
      "provider": "provider[\"registry.terraform.io/hashicorp/google\"]",
      "instances": [
        {
          "schema_version": 1,
          "attributes": {
            "deletion_policy": null,
            "host": "",
            "id": "app_user//store-sql-instance",
            "instance": "store-sql-instance",
            "name": "app_user",
            "password": "ChangeMe123",
            "password_policy": [],
            "project": "konecta-task-467513",
            "sql_server_user_details": [],
            "timeouts": null,
            "type": ""
          },
          "sensitive_attributes": [
            [
              {
                "type": "get_attr",
                "value": "password"
              }
            ]
          ],
          "identity_schema_version": 0,
          "private": "eyJlMmJmYjczMC1lY2FhLTExZTYtOGY4OC0zNDM2M2JjN2M0YzAiOnsiY3JlYXRlIjo2MDAwMDAwMDAwMDAsImRlbGV0ZSI6NjAwMDAwMDAwMDAwLCJ1cGRhdGUiOjYwMDAwMDAwMDAwMH0sInNjaGVtYV92ZXJzaW9uIjoiMSJ9",
          "dependencies": [
            "module.cloudsql.google_compute_global_address.private_ip_range",
            "module.cloudsql.google_service_networking_connection.private_vpc_connection",
            "module.cloudsql.google_sql_database_instance.db_instance",
            "module.vpc.google_compute_network.main_vpc"
          ]
        }
      ]
    },
    {
      "module": "module.frontend",
      "mode": "managed",
      "type": "google_artifact_registry_repository",
      "name": "frontend_repo",
      "provider": "provider[\"registry.terraform.io/hashicorp/google\"]",
      "instances": [
        {
          "schema_version": 0,
          "attributes": {
            "create_time": "2025-10-24T21:37:37.461608Z",
            "description": "",
            "docker_config": [],
            "format": "DOCKER",
            "id": "projects/konecta-task-467513/locations/us-central1/repositories/frontend-repo",
            "kms_key_name": "",
            "labels": null,
            "location": "us-central1",
            "maven_config": [],
            "mode": "STANDARD_REPOSITORY",
            "name": "frontend-repo",
            "project": "konecta-task-467513",
            "remote_repository_config": [],
            "repository_id": "frontend-repo",
            "timeouts": null,
            "update_time": "2025-10-24T21:37:37.461608Z",
            "virtual_repository_config": []
          },
          "sensitive_attributes": [],
          "identity_schema_version": 0,
          "private": "eyJlMmJmYjczMC1lY2FhLTExZTYtOGY4OC0zNDM2M2JjN2M0YzAiOnsiY3JlYXRlIjoxMjAwMDAwMDAwMDAwLCJkZWxldGUiOjEyMDAwMDAwMDAwMDAsInVwZGF0ZSI6MTIwMDAwMDAwMDAwMH19"
        }
      ]
    },
    {
      "module": "module.frontend",
      "mode": "managed",
      "type": "google_cloud_run_service",
      "name": "frontend_service",
      "provider": "provider[\"registry.terraform.io/hashicorp/google\"]",
      "instances": [
        {
          "schema_version": 1,
          "attributes": {
            "autogenerate_revision_name": false,
            "id": "locations/us-central1/namespaces/konecta-task-467513/services/store-frontend",
            "location": "us-central1",
            "metadata": [
              {
                "annotations": {
                  "run.googleapis.com/ingress": "all",
                  "run.googleapis.com/ingress-status": "all",
                  "run.googleapis.com/operation-id": "797fe314-ca5f-4e4a-aff4-83897c8d1c27",
                  "run.googleapis.com/urls": "[\"https://store-frontend-423515926568.us-central1.run.app\",\"https://store-frontend-xb2scb3x6q-uc.a.run.app\"]",
                  "serving.knative.dev/creator": "aboalnaderahmed@gmail.com",
                  "serving.knative.dev/lastModifier": "aboalnaderahmed@gmail.com"
                },
                "generation": 1,
                "labels": {
                  "cloud.googleapis.com/location": "us-central1"
                },
                "namespace": "konecta-task-467513",
                "resource_version": "AAZB7oOrXkE",
                "self_link": "/apis/serving.knative.dev/v1/namespaces/423515926568/services/store-frontend",
                "uid": "75bf35f8-dd79-48e7-8e63-db2a29a1da08"
              }
            ],
            "name": "store-frontend",
            "project": "konecta-task-467513",
            "status": [
              {
                "conditions": [
                  {
                    "message": "",
                    "reason": "",
                    "status": "True",
                    "type": "Ready"
                  },
                  {
                    "message": "",
                    "reason": "",
                    "status": "True",
                    "type": "ConfigurationsReady"
                  },
                  {
                    "message": "",
                    "reason": "",
                    "status": "True",
                    "type": "RoutesReady"
                  }
                ],
                "latest_created_revision_name": "store-frontend-00001-6zg",
                "latest_ready_revision_name": "store-frontend-00001-6zg",
                "observed_generation": 1,
                "traffic": [
                  {
                    "latest_revision": true,
                    "percent": 100,
                    "revision_name": "store-frontend-00001-6zg",
                    "tag": "",
                    "url": ""
                  }
                ],
                "url": "https://store-frontend-xb2scb3x6q-uc.a.run.app"
              }
            ],
            "template": [
              {
                "metadata": [
                  {
                    "annotations": {
                      "autoscaling.knative.dev/maxScale": "3"
                    },
                    "generation": 0,
                    "labels": {
                      "run.googleapis.com/startupProbeType": "Default"
                    },
                    "name": "",
                    "namespace": "",
                    "resource_version": "",
                    "self_link": "",
                    "uid": ""
                  }
                ],
                "spec": [
                  {
                    "container_concurrency": 80,
                    "containers": [
                      {
                        "args": null,
                        "command": null,
                        "env": [
                          {
                            "name": "REACT_APP_API_URL",
                            "value": "https://store-backend-xb2scb3x6q-uc.a.run.app",
                            "value_from": []
                          }
                        ],
                        "env_from": [],
                        "image": "ahmedmostafa22/shop-frontend:latest",
                        "liveness_probe": [],
                        "name": "",
                        "ports": [
                          {
                            "container_port": 80,
                            "name": "http1",
                            "protocol": ""
                          }
                        ],
                        "resources": [
                          {
                            "limits": {
                              "cpu": "1000m",
                              "memory": "512Mi"
                            },
                            "requests": {}
                          }
                        ],
                        "startup_probe": [
                          {
                            "failure_threshold": 1,
                            "grpc": [],
                            "http_get": [],
                            "initial_delay_seconds": 0,
                            "period_seconds": 240,
                            "tcp_socket": [
                              {
                                "port": 80
                              }
                            ],
                            "timeout_seconds": 240
                          }
                        ],
                        "volume_mounts": [],
                        "working_dir": ""
                      }
                    ],
                    "service_account_name": "423515926568-compute@developer.gserviceaccount.com",
                    "serving_state": "",
                    "timeout_seconds": 500,
                    "volumes": []
                  }
                ]
              }
            ],
            "timeouts": null,
            "traffic": [
              {
                "latest_revision": true,
                "percent": 100,
                "revision_name": "",
                "tag": "",
                "url": ""
              }
            ]
          },
          "sensitive_attributes": [],
          "identity_schema_version": 0,
          "private": "eyJlMmJmYjczMC1lY2FhLTExZTYtOGY4OC0zNDM2M2JjN2M0YzAiOnsiY3JlYXRlIjoxMjAwMDAwMDAwMDAwLCJkZWxldGUiOjEyMDAwMDAwMDAwMDAsInVwZGF0ZSI6MTIwMDAwMDAwMDAwMH0sInNjaGVtYV92ZXJzaW9uIjoiMSJ9",
          "dependencies": [
            "module.backend.google_cloud_run_service.backend_service",
            "module.cloudsql.google_compute_global_address.private_ip_range",
            "module.cloudsql.google_service_networking_connection.private_vpc_connection",
            "module.cloudsql.google_sql_database_instance.db_instance",
            "module.vpc.google_compute_network.main_vpc"
          ]
        }
      ]
    },
    {
      "module": "module.frontend",
      "mode": "managed",
      "type": "google_cloud_run_service_iam_member",
      "name": "frontend_public_access",
      "provider": "provider[\"registry.terraform.io/hashicorp/google\"]",
      "instances": [
        {
          "schema_version": 0,
          "attributes": {
            "condition": [],
            "etag": "BwZB7oPEltM=",
            "id": "v1/projects/konecta-task-467513/locations/us-central1/services/store-frontend/roles/run.invoker/allUsers",
            "location": "us-central1",
            "member": "allUsers",
            "project": "konecta-task-467513",
            "role": "roles/run.invoker",
            "service": "v1/projects/konecta-task-467513/locations/us-central1/services/store-frontend"
          },
          "sensitive_attributes": [],
          "identity_schema_version": 0,
          "private": "bnVsbA==",
          "dependencies": [
            "module.backend.google_cloud_run_service.backend_service",
            "module.cloudsql.google_compute_global_address.private_ip_range",
            "module.cloudsql.google_service_networking_connection.private_vpc_connection",
            "module.cloudsql.google_sql_database_instance.db_instance",
            "module.frontend.google_cloud_run_service.frontend_service",
            "module.vpc.google_compute_network.main_vpc"
          ]
        }
      ]
    },
    {
      "module": "module.frontend",
      "mode": "managed",
      "type": "google_compute_region_network_endpoint_group",
      "name": "frontend_neg",
      "provider": "provider[\"registry.terraform.io/hashicorp/google\"]",
      "instances": [
        {
          "schema_version": 0,
          "attributes": {
            "app_engine": [],
            "cloud_function": [],
            "cloud_run": [
              {
                "service": "store-frontend",
                "tag": "",
                "url_mask": ""
              }
            ],
            "description": "",
            "id": "projects/konecta-task-467513/regions/us-central1/networkEndpointGroups/store-frontend-neg",
            "name": "store-frontend-neg",
            "network": "",
            "network_endpoint_type": "SERVERLESS",
            "project": "konecta-task-467513",
            "psc_target_service": "",
            "region": "https://www.googleapis.com/compute/v1/projects/konecta-task-467513/regions/us-central1",
            "self_link": "https://www.googleapis.com/compute/v1/projects/konecta-task-467513/regions/us-central1/networkEndpointGroups/store-frontend-neg",
            "subnetwork": "",
            "timeouts": null
          },
          "sensitive_attributes": [],
          "identity_schema_version": 0,
          "private": "eyJlMmJmYjczMC1lY2FhLTExZTYtOGY4OC0zNDM2M2JjN2M0YzAiOnsiY3JlYXRlIjoxMjAwMDAwMDAwMDAwLCJkZWxldGUiOjEyMDAwMDAwMDAwMDB9fQ==",
          "dependencies": [
            "module.backend.google_cloud_run_service.backend_service",
            "module.cloudsql.google_compute_global_address.private_ip_range",
            "module.cloudsql.google_service_networking_connection.private_vpc_connection",
            "module.cloudsql.google_sql_database_instance.db_instance",
            "module.frontend.google_cloud_run_service.frontend_service",
            "module.vpc.google_compute_network.main_vpc"
          ]
        }
      ]
    },
    {
      "module": "module.vpc",
      "mode": "managed",
      "type": "google_compute_firewall",
      "name": "allow_http",
      "provider": "provider[\"registry.terraform.io/hashicorp/google\"]",
      "instances": [
        {
          "schema_version": 1,
          "attributes": {
            "allow": [
              {
                "ports": [
                  "80",
                  "443"
                ],
                "protocol": "tcp"
              }
            ],
            "creation_timestamp": "2025-10-24T14:37:58.516-07:00",
            "deny": [],
            "description": "",
            "destination_ranges": [],
            "direction": "INGRESS",
            "disabled": false,
            "enable_logging": null,
            "id": "projects/konecta-task-467513/global/firewalls/store-vpc-allow-http",
            "log_config": [],
            "name": "store-vpc-allow-http",
            "network": "https://www.googleapis.com/compute/v1/projects/konecta-task-467513/global/networks/store-vpc",
            "priority": 1000,
            "project": "konecta-task-467513",
            "self_link": "https://www.googleapis.com/compute/v1/projects/konecta-task-467513/global/firewalls/store-vpc-allow-http",
            "source_ranges": [
              "0.0.0.0/0"
            ],
            "source_service_accounts": null,
            "source_tags": null,
            "target_service_accounts": null,
            "target_tags": null,
            "timeouts": null
          },
          "sensitive_attributes": [],
          "identity_schema_version": 0,
          "private": "eyJlMmJmYjczMC1lY2FhLTExZTYtOGY4OC0zNDM2M2JjN2M0YzAiOnsiY3JlYXRlIjoxMjAwMDAwMDAwMDAwLCJkZWxldGUiOjEyMDAwMDAwMDAwMDAsInVwZGF0ZSI6MTIwMDAwMDAwMDAwMH0sInNjaGVtYV92ZXJzaW9uIjoiMSJ9",
          "dependencies": [
            "module.vpc.google_compute_network.main_vpc"
          ]
        }
      ]
    },
    {
      "module": "module.vpc",
      "mode": "managed",
      "type": "google_compute_firewall",
      "name": "allow_internal",
      "provider": "provider[\"registry.terraform.io/hashicorp/google\"]",
      "instances": [
        {
          "schema_version": 1,
          "attributes": {
            "allow": [
              {
                "ports": [],
                "protocol": "all"
              }
            ],
            "creation_timestamp": "2025-10-24T14:37:58.528-07:00",
            "deny": [],
            "description": "",
            "destination_ranges": [],
            "direction": "INGRESS",
            "disabled": false,
            "enable_logging": null,
            "id": "projects/konecta-task-467513/global/firewalls/store-vpc-allow-internal",
            "log_config": [],
            "name": "store-vpc-allow-internal",
            "network": "https://www.googleapis.com/compute/v1/projects/konecta-task-467513/global/networks/store-vpc",
            "priority": 1000,
            "project": "konecta-task-467513",
            "self_link": "https://www.googleapis.com/compute/v1/projects/konecta-task-467513/global/firewalls/store-vpc-allow-internal",
            "source_ranges": [
              "10.0.1.0/24",
              "10.0.2.0/24"
            ],
            "source_service_accounts": null,
            "source_tags": null,
            "target_service_accounts": null,
            "target_tags": null,
            "timeouts": null
          },
          "sensitive_attributes": [],
          "identity_schema_version": 0,
          "private": "eyJlMmJmYjczMC1lY2FhLTExZTYtOGY4OC0zNDM2M2JjN2M0YzAiOnsiY3JlYXRlIjoxMjAwMDAwMDAwMDAwLCJkZWxldGUiOjEyMDAwMDAwMDAwMDAsInVwZGF0ZSI6MTIwMDAwMDAwMDAwMH0sInNjaGVtYV92ZXJzaW9uIjoiMSJ9",
          "dependencies": [
            "module.vpc.google_compute_network.main_vpc"
          ]
        }
      ]
    },
    {
      "module": "module.vpc",
      "mode": "managed",
      "type": "google_compute_network",
      "name": "main_vpc",
      "provider": "provider[\"registry.terraform.io/hashicorp/google\"]",
      "instances": [
        {
          "schema_version": 0,
          "attributes": {
            "auto_create_subnetworks": false,
            "delete_default_routes_on_create": false,
            "description": "",
            "enable_ula_internal_ipv6": false,
            "gateway_ipv4": "",
            "id": "projects/konecta-task-467513/global/networks/store-vpc",
            "internal_ipv6_range": "",
            "mtu": 0,
            "name": "store-vpc",
            "network_firewall_policy_enforcement_order": "AFTER_CLASSIC_FIREWALL",
            "project": "konecta-task-467513",
            "routing_mode": "REGIONAL",
            "self_link": "https://www.googleapis.com/compute/v1/projects/konecta-task-467513/global/networks/store-vpc",
            "timeouts": null
          },
          "sensitive_attributes": [],
          "identity_schema_version": 0,
          "private": "eyJlMmJmYjczMC1lY2FhLTExZTYtOGY4OC0zNDM2M2JjN2M0YzAiOnsiY3JlYXRlIjoxMjAwMDAwMDAwMDAwLCJkZWxldGUiOjEyMDAwMDAwMDAwMDAsInVwZGF0ZSI6MTIwMDAwMDAwMDAwMH19"
        }
      ]
    },
    {
      "module": "module.vpc",
      "mode": "managed",
      "type": "google_compute_subnetwork",
      "name": "subnet_backend",
      "provider": "provider[\"registry.terraform.io/hashicorp/google\"]",
      "instances": [
        {
          "schema_version": 0,
          "attributes": {
            "creation_timestamp": "2025-10-24T14:37:59.071-07:00",
            "description": "",
            "external_ipv6_prefix": "",
            "fingerprint": null,
            "gateway_address": "10.0.1.1",
            "id": "projects/konecta-task-467513/regions/us-central1/subnetworks/store-vpc-subnet-backend",
            "internal_ipv6_prefix": "",
            "ip_cidr_range": "10.0.1.0/24",
            "ipv6_access_type": "",
            "ipv6_cidr_range": "",
            "log_config": [],
            "name": "store-vpc-subnet-backend",
            "network": "https://www.googleapis.com/compute/v1/projects/konecta-task-467513/global/networks/store-vpc",
            "private_ip_google_access": false,
            "private_ipv6_google_access": "DISABLE_GOOGLE_ACCESS",
            "project": "konecta-task-467513",
            "purpose": "PRIVATE",
            "region": "us-central1",
            "role": "",
            "secondary_ip_range": [],
            "self_link": "https://www.googleapis.com/compute/v1/projects/konecta-task-467513/regions/us-central1/subnetworks/store-vpc-subnet-backend",
            "stack_type": "IPV4_ONLY",
            "timeouts": null
          },
          "sensitive_attributes": [],
          "identity_schema_version": 0,
          "private": "eyJlMmJmYjczMC1lY2FhLTExZTYtOGY4OC0zNDM2M2JjN2M0YzAiOnsiY3JlYXRlIjoxMjAwMDAwMDAwMDAwLCJkZWxldGUiOjEyMDAwMDAwMDAwMDAsInVwZGF0ZSI6MTIwMDAwMDAwMDAwMH19",
          "dependencies": [
            "module.vpc.google_compute_network.main_vpc"
          ]
        }
      ]
    },
    {
      "module": "module.vpc",
      "mode": "managed",
      "type": "google_compute_subnetwork",
      "name": "subnet_database",
      "provider": "provider[\"registry.terraform.io/hashicorp/google\"]",
      "instances": [
        {
          "schema_version": 0,
          "attributes": {
            "creation_timestamp": "2025-10-24T14:37:59.013-07:00",
            "description": "",
            "external_ipv6_prefix": "",
            "fingerprint": null,
            "gateway_address": "10.0.2.1",
            "id": "projects/konecta-task-467513/regions/us-central1/subnetworks/store-vpc-subnet-database",
            "internal_ipv6_prefix": "",
            "ip_cidr_range": "10.0.2.0/24",
            "ipv6_access_type": "",
            "ipv6_cidr_range": "",
            "log_config": [],
            "name": "store-vpc-subnet-database",
            "network": "https://www.googleapis.com/compute/v1/projects/konecta-task-467513/global/networks/store-vpc",
            "private_ip_google_access": false,
            "private_ipv6_google_access": "DISABLE_GOOGLE_ACCESS",
            "project": "konecta-task-467513",
            "purpose": "PRIVATE",
            "region": "us-central1",
            "role": "",
            "secondary_ip_range": [],
            "self_link": "https://www.googleapis.com/compute/v1/projects/konecta-task-467513/regions/us-central1/subnetworks/store-vpc-subnet-database",
            "stack_type": "IPV4_ONLY",
            "timeouts": null
          },
          "sensitive_attributes": [],
          "identity_schema_version": 0,
          "private": "eyJlMmJmYjczMC1lY2FhLTExZTYtOGY4OC0zNDM2M2JjN2M0YzAiOnsiY3JlYXRlIjoxMjAwMDAwMDAwMDAwLCJkZWxldGUiOjEyMDAwMDAwMDAwMDAsInVwZGF0ZSI6MTIwMDAwMDAwMDAwMH19",
          "dependencies": [
            "module.vpc.google_compute_network.main_vpc"
          ]
        }
      ]
    }
  ],
  "check_results": null
}
