{
  "version": 4,
  "terraform_version": "1.13.0",
  "serial": 13,
  "lineage": "fbc7aeec-188f-c992-369a-c23f050c42a1",
  "outputs": {
    "backend_repo": {
      "value": "backend-repo",
      "type": "string"
    },
    "db_private_ip": {
      "value": "10.243.0.3",
      "type": "string"
    },
    "frontend_repo": {
      "value": "frontend-repo",
      "type": "string"
    },
    "vpc_name": {
      "value": "store-vpc",
      "type": "string"
    }
  },
  "resources": [
    {
      "module": "module.artifact_registry",
      "mode": "managed",
      "type": "google_artifact_registry_repository",
      "name": "backend_repo",
      "provider": "provider[\"registry.terraform.io/hashicorp/google\"]",
      "instances": [
        {
          "schema_version": 0,
          "attributes": {
            "create_time": "2025-10-25T21:17:45.108220Z",
            "description": "",
            "docker_config": [],
            "format": "DOCKER",
            "id": "projects/konecta-task-467513/locations/us-central1/repositories/backend-repo",
            "kms_key_name": "",
            "labels": null,
            "location": "us-central1",
            "maven_config": [],
            "mode": "STANDARD_REPOSITORY",
            "name": "backend-repo",
            "project": "konecta-task-467513",
            "remote_repository_config": [],
            "repository_id": "backend-repo",
            "timeouts": null,
            "update_time": "2025-10-25T21:17:45.108220Z",
            "virtual_repository_config": []
          },
          "sensitive_attributes": [],
          "identity_schema_version": 0,
          "private": "eyJlMmJmYjczMC1lY2FhLTExZTYtOGY4OC0zNDM2M2JjN2M0YzAiOnsiY3JlYXRlIjoxMjAwMDAwMDAwMDAwLCJkZWxldGUiOjEyMDAwMDAwMDAwMDAsInVwZGF0ZSI6MTIwMDAwMDAwMDAwMH19"
        }
      ]
    },
    {
      "module": "module.artifact_registry",
      "mode": "managed",
      "type": "google_artifact_registry_repository",
      "name": "frontend_repo",
      "provider": "provider[\"registry.terraform.io/hashicorp/google\"]",
      "instances": [
        {
          "schema_version": 0,
          "attributes": {
            "create_time": "2025-10-25T21:17:44.990788Z",
            "description": "",
            "docker_config": [],
            "format": "DOCKER",
            "id": "projects/konecta-task-467513/locations/us-central1/repositories/frontend-repo",
            "kms_key_name": "",
            "labels": null,
            "location": "us-central1",
            "maven_config": [],
            "mode": "STANDARD_REPOSITORY",
            "name": "frontend-repo",
            "project": "konecta-task-467513",
            "remote_repository_config": [],
            "repository_id": "frontend-repo",
            "timeouts": null,
            "update_time": "2025-10-25T21:17:44.990788Z",
            "virtual_repository_config": []
          },
          "sensitive_attributes": [],
          "identity_schema_version": 0,
          "private": "eyJlMmJmYjczMC1lY2FhLTExZTYtOGY4OC0zNDM2M2JjN2M0YzAiOnsiY3JlYXRlIjoxMjAwMDAwMDAwMDAwLCJkZWxldGUiOjEyMDAwMDAwMDAwMDAsInVwZGF0ZSI6MTIwMDAwMDAwMDAwMH19"
        }
      ]
    },
    {
      "module": "module.database",
      "mode": "managed",
      "type": "google_compute_global_address",
      "name": "private_ip_range",
      "provider": "provider[\"registry.terraform.io/hashicorp/google\"]",
      "instances": [
        {
          "schema_version": 0,
          "attributes": {
            "address": "10.243.0.0",
            "address_type": "INTERNAL",
            "creation_timestamp": "2025-10-25T14:18:06.144-07:00",
            "description": "",
            "id": "projects/konecta-task-467513/global/addresses/private-ip-range",
            "ip_version": "",
            "name": "private-ip-range",
            "network": "https://www.googleapis.com/compute/v1/projects/konecta-task-467513/global/networks/store-vpc",
            "prefix_length": 16,
            "project": "konecta-task-467513",
            "purpose": "VPC_PEERING",
            "self_link": "https://www.googleapis.com/compute/v1/projects/konecta-task-467513/global/addresses/private-ip-range",
            "timeouts": null
          },
          "sensitive_attributes": [],
          "identity_schema_version": 0,
          "private": "eyJlMmJmYjczMC1lY2FhLTExZTYtOGY4OC0zNDM2M2JjN2M0YzAiOnsiY3JlYXRlIjoxMjAwMDAwMDAwMDAwLCJkZWxldGUiOjEyMDAwMDAwMDAwMDB9fQ==",
          "dependencies": [
            "module.vpc.google_compute_network.main_vpc"
          ]
        }
      ]
    },
    {
      "module": "module.database",
      "mode": "managed",
      "type": "google_service_networking_connection",
      "name": "private_vpc_connection",
      "provider": "provider[\"registry.terraform.io/hashicorp/google\"]",
      "instances": [
        {
          "schema_version": 0,
          "attributes": {
            "id": "projects%2Fkonecta-task-467513%2Fglobal%2Fnetworks%2Fstore-vpc:servicenetworking.googleapis.com",
            "network": "projects/konecta-task-467513/global/networks/store-vpc",
            "peering": "servicenetworking-googleapis-com",
            "reserved_peering_ranges": [
              "private-ip-range"
            ],
            "service": "servicenetworking.googleapis.com",
            "timeouts": null
          },
          "sensitive_attributes": [],
          "identity_schema_version": 0,
          "private": "eyJlMmJmYjczMC1lY2FhLTExZTYtOGY4OC0zNDM2M2JjN2M0YzAiOnsiY3JlYXRlIjo2MDAwMDAwMDAwMDAsImRlbGV0ZSI6NjAwMDAwMDAwMDAwLCJ1cGRhdGUiOjYwMDAwMDAwMDAwMH19",
          "dependencies": [
            "module.database.google_compute_global_address.private_ip_range",
            "module.vpc.google_compute_network.main_vpc"
          ]
        }
      ]
    },
    {
      "module": "module.database",
      "mode": "managed",
      "type": "google_sql_database",
      "name": "app_database",
      "provider": "provider[\"registry.terraform.io/hashicorp/google\"]",
      "instances": [
        {
          "schema_version": 0,
          "attributes": {
            "charset": "utf8mb4",
            "collation": "utf8mb4_0900_ai_ci",
            "deletion_policy": "DELETE",
            "id": "projects/konecta-task-467513/instances/store-sql-instance/databases/app_db",
            "instance": "store-sql-instance",
            "name": "app_db",
            "project": "konecta-task-467513",
            "self_link": "https://sqladmin.googleapis.com/sql/v1beta4/projects/konecta-task-467513/instances/store-sql-instance/databases/app_db",
            "timeouts": null
          },
          "sensitive_attributes": [],
          "identity_schema_version": 0,
          "private": "eyJlMmJmYjczMC1lY2FhLTExZTYtOGY4OC0zNDM2M2JjN2M0YzAiOnsiY3JlYXRlIjoxMjAwMDAwMDAwMDAwLCJkZWxldGUiOjEyMDAwMDAwMDAwMDAsInVwZGF0ZSI6MTIwMDAwMDAwMDAwMH19",
          "dependencies": [
            "module.database.google_compute_global_address.private_ip_range",
            "module.database.google_service_networking_connection.private_vpc_connection",
            "module.database.google_sql_database_instance.db_instance",
            "module.vpc.google_compute_network.main_vpc"
          ]
        }
      ]
    },
    {
      "module": "module.database",
      "mode": "managed",
      "type": "google_sql_database_instance",
      "name": "db_instance",
      "provider": "provider[\"registry.terraform.io/hashicorp/google\"]",
      "instances": [
        {
          "schema_version": 0,
          "attributes": {
            "available_maintenance_versions": [],
            "clone": [],
            "connection_name": "konecta-task-467513:us-central1:store-sql-instance",
            "database_version": "MYSQL_8_0",
            "deletion_protection": false,
            "dns_name": "",
            "encryption_key_name": null,
            "first_ip_address": "10.243.0.3",
            "id": "store-sql-instance",
            "instance_type": "CLOUD_SQL_INSTANCE",
            "ip_address": [
              {
                "ip_address": "10.243.0.3",
                "time_to_retire": "",
                "type": "PRIVATE"
              }
            ],
            "maintenance_version": "MYSQL_8_0_41.R20250531.01_23",
            "master_instance_name": "",
            "name": "store-sql-instance",
            "private_ip_address": "10.243.0.3",
            "project": "konecta-task-467513",
            "psc_service_attachment_link": "",
            "public_ip_address": "",
            "region": "us-central1",
            "replica_configuration": [],
            "restore_backup_context": [],
            "root_password": null,
            "self_link": "https://sqladmin.googleapis.com/sql/v1beta4/projects/konecta-task-467513/instances/store-sql-instance",
            "server_ca_cert": [
              {
                "cert": "-----BEGIN CERTIFICATE-----\nMIIDfzCCAmegAwIBAgIBADANBgkqhkiG9w0BAQsFADB3MS0wKwYDVQQuEyQzMDI4\nMTQ4MS0yMjg3LTRhODctOTZmMy0xMTA0NjVjMDIxYTMxIzAhBgNVBAMTGkdvb2ds\nZSBDbG91ZCBTUUwgU2VydmVyIENBMRQwEgYDVQQKEwtHb29nbGUsIEluYzELMAkG\nA1UEBhMCVVMwHhcNMjUxMDI1MjEyMDM4WhcNMzUxMDIzMjEyMTM4WjB3MS0wKwYD\nVQQuEyQzMDI4MTQ4MS0yMjg3LTRhODctOTZmMy0xMTA0NjVjMDIxYTMxIzAhBgNV\nBAMTGkdvb2dsZSBDbG91ZCBTUUwgU2VydmVyIENBMRQwEgYDVQQKEwtHb29nbGUs\nIEluYzELMAkGA1UEBhMCVVMwggEiMA0GCSqGSIb3DQEBAQUAA4IBDwAwggEKAoIB\nAQCkUy3z2nFFLuIFhpetRcF0HlhWsLonlSXmbYKHwxiv0NvpUGRZ8lxjSOt9CzSU\nTjEDhuArSkbDetpXPojtYgr7K2pMv5IkyAIzYBh7zFvH0ejNzMA7V0KP0KFNqW2C\naUaLyMOFOsdtMFSQrQkKD99R962UAoqW93v5oOuvVQvT4orh+BgJdo/gLNzAu4WH\nINEDAKKP4yOMIKloutZirPqjscBHfO68FpEbAn+ODlndofyY6CHDAL1eF0zz6ilw\nrc/oobdxBuzoWYKHO3l9Y03jxDq2ik+dmOUQLdspXGxV8s8F8yD6oIHZ2tqteiOJ\ntXbncW7c4BKUVUx0l5dGdcRBAgMBAAGjFjAUMBIGA1UdEwEB/wQIMAYBAf8CAQAw\nDQYJKoZIhvcNAQELBQADggEBAE2fma1TaNyj4+cpr9c/dIcGHurYmv9U7O2YgwpF\n2upb4dAb+JXJdex8PVN6CNPh5Y8nYoKb6EPVay2s58cTYkdKdICX4/Uk9/MIvcgR\n8grtzsSUHtBxYCni95skZQzQdI/ZJA3MSSmdGMIYcciigmSQTM4GhNWHAIyUSgiZ\nNI2KSkLbb8Ua+tk8+dCNQMc/K2i0InsgRWQuEBjzqZpSyN06F/rMn4YAOJue6+Fg\ncWYIcBo7J+YM1NXUtHuweOougv4Be4m95sK+WqLecgIWBwLC7m1ABiTsE1OhKNfZ\nonmfDwT3VCirxPNcrqFFIZ+UkISm1l/9Rf6YMlLODrZ9c68=\n-----END CERTIFICATE-----",
                "common_name": "C=US,O=Google\\, Inc,CN=Google Cloud SQL Server CA,dnQualifier=30281481-2287-4a87-96f3-110465c021a3",
                "create_time": "2025-10-25T21:20:38.571Z",
                "expiration_time": "2035-10-23T21:21:38.571Z",
                "sha1_fingerprint": "4e8e152a3370e79405dea6eeca71b16ddf7cde11"
              }
            ],
            "service_account_email_address": "p423515926568-ihyipy@gcp-sa-cloud-sql.iam.gserviceaccount.com",
            "settings": [
              {
                "activation_policy": "ALWAYS",
                "active_directory_config": [],
                "advanced_machine_features": [],
                "availability_type": "ZONAL",
                "backup_configuration": [
                  {
                    "backup_retention_settings": [
                      {
                        "retained_backups": 7,
                        "retention_unit": "COUNT"
                      }
                    ],
                    "binary_log_enabled": false,
                    "enabled": false,
                    "location": "",
                    "point_in_time_recovery_enabled": false,
                    "start_time": "19:00",
                    "transaction_log_retention_days": 7
                  }
                ],
                "collation": "",
                "connector_enforcement": "NOT_REQUIRED",
                "data_cache_config": [],
                "database_flags": [],
                "deletion_protection_enabled": false,
                "deny_maintenance_period": [],
                "disk_autoresize": true,
                "disk_autoresize_limit": 0,
                "disk_size": 10,
                "disk_type": "PD_SSD",
                "edition": "",
                "insights_config": [],
                "ip_configuration": [
                  {
                    "allocated_ip_range": "",
                    "authorized_networks": [],
                    "enable_private_path_for_google_cloud_services": false,
                    "ipv4_enabled": false,
                    "private_network": "projects/konecta-task-467513/global/networks/store-vpc",
                    "psc_config": [],
                    "require_ssl": false
                  }
                ],
                "location_preference": [
                  {
                    "follow_gae_application": "",
                    "secondary_zone": "",
                    "zone": "us-central1-c"
                  }
                ],
                "maintenance_window": [],
                "password_validation_policy": [],
                "pricing_plan": "PER_USE",
                "sql_server_audit_config": [],
                "tier": "db-f1-micro",
                "time_zone": "",
                "user_labels": {},
                "version": 1
              }
            ],
            "timeouts": null
          },
          "sensitive_attributes": [
            [
              {
                "type": "get_attr",
                "value": "root_password"
              }
            ]
          ],
          "identity_schema_version": 0,
          "private": "eyJlMmJmYjczMC1lY2FhLTExZTYtOGY4OC0zNDM2M2JjN2M0YzAiOnsiY3JlYXRlIjoyNDAwMDAwMDAwMDAwLCJkZWxldGUiOjE4MDAwMDAwMDAwMDAsInVwZGF0ZSI6MTgwMDAwMDAwMDAwMH19",
          "dependencies": [
            "module.database.google_compute_global_address.private_ip_range",
            "module.database.google_service_networking_connection.private_vpc_connection",
            "module.vpc.google_compute_network.main_vpc"
          ]
        }
      ]
    },
    {
      "module": "module.database",
      "mode": "managed",
      "type": "google_sql_user",
      "name": "app_user",
      "provider": "provider[\"registry.terraform.io/hashicorp/google\"]",
      "instances": [
        {
          "schema_version": 1,
          "attributes": {
            "deletion_policy": null,
            "host": "",
            "id": "app_user//store-sql-instance",
            "instance": "store-sql-instance",
            "name": "app_user",
            "password": "ChangeMe123",
            "password_policy": [],
            "project": "konecta-task-467513",
            "sql_server_user_details": [],
            "timeouts": null,
            "type": ""
          },
          "sensitive_attributes": [
            [
              {
                "type": "get_attr",
                "value": "password"
              }
            ]
          ],
          "identity_schema_version": 0,
          "private": "eyJlMmJmYjczMC1lY2FhLTExZTYtOGY4OC0zNDM2M2JjN2M0YzAiOnsiY3JlYXRlIjo2MDAwMDAwMDAwMDAsImRlbGV0ZSI6NjAwMDAwMDAwMDAwLCJ1cGRhdGUiOjYwMDAwMDAwMDAwMH0sInNjaGVtYV92ZXJzaW9uIjoiMSJ9",
          "dependencies": [
            "module.database.google_compute_global_address.private_ip_range",
            "module.database.google_service_networking_connection.private_vpc_connection",
            "module.database.google_sql_database_instance.db_instance",
            "module.vpc.google_compute_network.main_vpc"
          ]
        }
      ]
    },
    {
      "module": "module.vpc",
      "mode": "managed",
      "type": "google_compute_firewall",
      "name": "allow_http",
      "provider": "provider[\"registry.terraform.io/hashicorp/google\"]",
      "instances": [
        {
          "schema_version": 1,
          "attributes": {
            "allow": [
              {
                "ports": [
                  "80",
                  "443"
                ],
                "protocol": "tcp"
              }
            ],
            "creation_timestamp": "2025-10-25T14:18:06.761-07:00",
            "deny": [],
            "description": "",
            "destination_ranges": [],
            "direction": "INGRESS",
            "disabled": false,
            "enable_logging": null,
            "id": "projects/konecta-task-467513/global/firewalls/store-vpc-allow-http",
            "log_config": [],
            "name": "store-vpc-allow-http",
            "network": "https://www.googleapis.com/compute/v1/projects/konecta-task-467513/global/networks/store-vpc",
            "priority": 1000,
            "project": "konecta-task-467513",
            "self_link": "https://www.googleapis.com/compute/v1/projects/konecta-task-467513/global/firewalls/store-vpc-allow-http",
            "source_ranges": [
              "0.0.0.0/0"
            ],
            "source_service_accounts": null,
            "source_tags": null,
            "target_service_accounts": null,
            "target_tags": null,
            "timeouts": null
          },
          "sensitive_attributes": [],
          "identity_schema_version": 0,
          "private": "eyJlMmJmYjczMC1lY2FhLTExZTYtOGY4OC0zNDM2M2JjN2M0YzAiOnsiY3JlYXRlIjoxMjAwMDAwMDAwMDAwLCJkZWxldGUiOjEyMDAwMDAwMDAwMDAsInVwZGF0ZSI6MTIwMDAwMDAwMDAwMH0sInNjaGVtYV92ZXJzaW9uIjoiMSJ9",
          "dependencies": [
            "module.vpc.google_compute_network.main_vpc"
          ]
        }
      ]
    },
    {
      "module": "module.vpc",
      "mode": "managed",
      "type": "google_compute_firewall",
      "name": "allow_internal",
      "provider": "provider[\"registry.terraform.io/hashicorp/google\"]",
      "instances": [
        {
          "schema_version": 1,
          "attributes": {
            "allow": [
              {
                "ports": [],
                "protocol": "all"
              }
            ],
            "creation_timestamp": "2025-10-25T14:18:06.129-07:00",
            "deny": [],
            "description": "",
            "destination_ranges": [],
            "direction": "INGRESS",
            "disabled": false,
            "enable_logging": null,
            "id": "projects/konecta-task-467513/global/firewalls/store-vpc-allow-internal",
            "log_config": [],
            "name": "store-vpc-allow-internal",
            "network": "https://www.googleapis.com/compute/v1/projects/konecta-task-467513/global/networks/store-vpc",
            "priority": 1000,
            "project": "konecta-task-467513",
            "self_link": "https://www.googleapis.com/compute/v1/projects/konecta-task-467513/global/firewalls/store-vpc-allow-internal",
            "source_ranges": [
              "10.0.1.0/24",
              "10.0.2.0/24"
            ],
            "source_service_accounts": null,
            "source_tags": null,
            "target_service_accounts": null,
            "target_tags": null,
            "timeouts": null
          },
          "sensitive_attributes": [],
          "identity_schema_version": 0,
          "private": "eyJlMmJmYjczMC1lY2FhLTExZTYtOGY4OC0zNDM2M2JjN2M0YzAiOnsiY3JlYXRlIjoxMjAwMDAwMDAwMDAwLCJkZWxldGUiOjEyMDAwMDAwMDAwMDAsInVwZGF0ZSI6MTIwMDAwMDAwMDAwMH0sInNjaGVtYV92ZXJzaW9uIjoiMSJ9",
          "dependencies": [
            "module.vpc.google_compute_network.main_vpc"
          ]
        }
      ]
    },
    {
      "module": "module.vpc",
      "mode": "managed",
      "type": "google_compute_network",
      "name": "main_vpc",
      "provider": "provider[\"registry.terraform.io/hashicorp/google\"]",
      "instances": [
        {
          "schema_version": 0,
          "attributes": {
            "auto_create_subnetworks": false,
            "delete_default_routes_on_create": false,
            "description": "",
            "enable_ula_internal_ipv6": false,
            "gateway_ipv4": "",
            "id": "projects/konecta-task-467513/global/networks/store-vpc",
            "internal_ipv6_range": "",
            "mtu": 0,
            "name": "store-vpc",
            "network_firewall_policy_enforcement_order": "AFTER_CLASSIC_FIREWALL",
            "project": "konecta-task-467513",
            "routing_mode": "REGIONAL",
            "self_link": "https://www.googleapis.com/compute/v1/projects/konecta-task-467513/global/networks/store-vpc",
            "timeouts": null
          },
          "sensitive_attributes": [],
          "identity_schema_version": 0,
          "private": "eyJlMmJmYjczMC1lY2FhLTExZTYtOGY4OC0zNDM2M2JjN2M0YzAiOnsiY3JlYXRlIjoxMjAwMDAwMDAwMDAwLCJkZWxldGUiOjEyMDAwMDAwMDAwMDAsInVwZGF0ZSI6MTIwMDAwMDAwMDAwMH19"
        }
      ]
    },
    {
      "module": "module.vpc",
      "mode": "managed",
      "type": "google_compute_subnetwork",
      "name": "subnet_backend",
      "provider": "provider[\"registry.terraform.io/hashicorp/google\"]",
      "instances": [
        {
          "schema_version": 0,
          "attributes": {
            "creation_timestamp": "2025-10-25T14:18:06.714-07:00",
            "description": "",
            "external_ipv6_prefix": "",
            "fingerprint": null,
            "gateway_address": "10.0.1.1",
            "id": "projects/konecta-task-467513/regions/us-central1/subnetworks/store-vpc-subnet-backend",
            "internal_ipv6_prefix": "",
            "ip_cidr_range": "10.0.1.0/24",
            "ipv6_access_type": "",
            "ipv6_cidr_range": "",
            "log_config": [],
            "name": "store-vpc-subnet-backend",
            "network": "https://www.googleapis.com/compute/v1/projects/konecta-task-467513/global/networks/store-vpc",
            "private_ip_google_access": false,
            "private_ipv6_google_access": "DISABLE_GOOGLE_ACCESS",
            "project": "konecta-task-467513",
            "purpose": "PRIVATE",
            "region": "us-central1",
            "role": "",
            "secondary_ip_range": [],
            "self_link": "https://www.googleapis.com/compute/v1/projects/konecta-task-467513/regions/us-central1/subnetworks/store-vpc-subnet-backend",
            "stack_type": "IPV4_ONLY",
            "timeouts": null
          },
          "sensitive_attributes": [],
          "identity_schema_version": 0,
          "private": "eyJlMmJmYjczMC1lY2FhLTExZTYtOGY4OC0zNDM2M2JjN2M0YzAiOnsiY3JlYXRlIjoxMjAwMDAwMDAwMDAwLCJkZWxldGUiOjEyMDAwMDAwMDAwMDAsInVwZGF0ZSI6MTIwMDAwMDAwMDAwMH19",
          "dependencies": [
            "module.vpc.google_compute_network.main_vpc"
          ]
        }
      ]
    },
    {
      "module": "module.vpc",
      "mode": "managed",
      "type": "google_compute_subnetwork",
      "name": "subnet_database",
      "provider": "provider[\"registry.terraform.io/hashicorp/google\"]",
      "instances": [
        {
          "schema_version": 0,
          "attributes": {
            "creation_timestamp": "2025-10-25T14:18:06.646-07:00",
            "description": "",
            "external_ipv6_prefix": "",
            "fingerprint": null,
            "gateway_address": "10.0.2.1",
            "id": "projects/konecta-task-467513/regions/us-central1/subnetworks/store-vpc-subnet-database",
            "internal_ipv6_prefix": "",
            "ip_cidr_range": "10.0.2.0/24",
            "ipv6_access_type": "",
            "ipv6_cidr_range": "",
            "log_config": [],
            "name": "store-vpc-subnet-database",
            "network": "https://www.googleapis.com/compute/v1/projects/konecta-task-467513/global/networks/store-vpc",
            "private_ip_google_access": false,
            "private_ipv6_google_access": "DISABLE_GOOGLE_ACCESS",
            "project": "konecta-task-467513",
            "purpose": "PRIVATE",
            "region": "us-central1",
            "role": "",
            "secondary_ip_range": [],
            "self_link": "https://www.googleapis.com/compute/v1/projects/konecta-task-467513/regions/us-central1/subnetworks/store-vpc-subnet-database",
            "stack_type": "IPV4_ONLY",
            "timeouts": null
          },
          "sensitive_attributes": [],
          "identity_schema_version": 0,
          "private": "eyJlMmJmYjczMC1lY2FhLTExZTYtOGY4OC0zNDM2M2JjN2M0YzAiOnsiY3JlYXRlIjoxMjAwMDAwMDAwMDAwLCJkZWxldGUiOjEyMDAwMDAwMDAwMDAsInVwZGF0ZSI6MTIwMDAwMDAwMDAwMH19",
          "dependencies": [
            "module.vpc.google_compute_network.main_vpc"
          ]
        }
      ]
    }
  ],
  "check_results": null
}
